
Microsoft Visual Studio Solution File, Format Version 12.00
# Visual Studio Version 16
VisualStudioVersion = 16.0.29215.179
MinimumVisualStudioVersion = 10.0.40219.1
Project("{9A19103F-16F7-4668-BE54-9A1E7A4F7556}") = "Algorithms", "StringAlgorithms\Algorithms.csproj", "{0FCCB573-AE3C-4D00-9197-8FB40F3462BB}"
EndProject
Project("{9A19103F-16F7-4668-BE54-9A1E7A4F7556}") = "AppOfStack", "AppOfStack\AppOfStack.csproj", "{CC017C2A-8F22-4B0D-A1DE-CB5422DD0144}"
EndProject
Project("{FAE04EC0-301F-11D3-BF4B-00C04F79EFBC}") = "DynamicProgramming", "DynamicProgramming\DynamicProgramming.csproj", "{4595C30A-ADFE-4C4A-83E8-7C9A14FF9CA8}"
EndProject
Global
	GlobalSection(SolutionConfigurationPlatforms) = preSolution
		Debug|Any CPU = Debug|Any CPU
		Release|Any CPU = Release|Any CPU
	EndGlobalSection
	GlobalSection(ProjectConfigurationPlatforms) = postSolution
		{0FCCB573-AE3C-4D00-9197-8FB40F3462BB}.Debug|Any CPU.ActiveCfg = Debug|Any CPU
		{0FCCB573-AE3C-4D00-9197-8FB40F3462BB}.Debug|Any CPU.Build.0 = Debug|Any CPU
		{0FCCB573-AE3C-4D00-9197-8FB40F3462BB}.Release|Any CPU.ActiveCfg = Release|Any CPU
		{0FCCB573-AE3C-4D00-9197-8FB40F3462BB}.Release|Any CPU.Build.0 = Release|Any CPU
		{CC017C2A-8F22-4B0D-A1DE-CB5422DD0144}.Debug|Any CPU.ActiveCfg = Debug|Any CPU
		{CC017C2A-8F22-4B0D-A1DE-CB5422DD0144}.Debug|Any CPU.Build.0 = Debug|Any CPU
		{CC017C2A-8F22-4B0D-A1DE-CB5422DD0144}.Release|Any CPU.ActiveCfg = Release|Any CPU
		{CC017C2A-8F22-4B0D-A1DE-CB5422DD0144}.Release|Any CPU.Build.0 = Release|Any CPU
		{4595C30A-ADFE-4C4A-83E8-7C9A14FF9CA8}.Debug|Any CPU.ActiveCfg = Debug|Any CPU
		{4595C30A-ADFE-4C4A-83E8-7C9A14FF9CA8}.Debug|Any CPU.Build.0 = Debug|Any CPU
		{4595C30A-ADFE-4C4A-83E8-7C9A14FF9CA8}.Release|Any CPU.ActiveCfg = Release|Any CPU
		{4595C30A-ADFE-4C4A-83E8-7C9A14FF9CA8}.Release|Any CPU.Build.0 = Release|Any CPU
	EndGlobalSection
	GlobalSection(SolutionProperties) = preSolution
		HideSolutionNode = FALSE
	EndGlobalSection
	GlobalSection(ExtensibilityGlobals) = postSolution
		SolutionGuid = {FBD8912E-C567-43D3-8092-E13F51A7C328}
	EndGlobalSection
EndGlobal
